
Microsoft Visual Studio Solution File, Format Version 12.00
# Visual Studio Version 17
VisualStudioVersion = 17.6.33723.286
MinimumVisualStudioVersion = 10.0.40219.1
Project("{FAE04EC0-301F-11D3-BF4B-00C04F79EFBC}") = "UserRegistarionWithDB", "UserRegistarionWithDB\UserRegistarionWithDB.csproj", "{C3E42564-7EA7-4C66-8218-098C1986CF12}"
EndProject
Global
	GlobalSection(SolutionConfigurationPlatforms) = preSolution
		Debug|Any CPU = Debug|Any CPU
		Release|Any CPU = Release|Any CPU
	EndGlobalSection
	GlobalSection(ProjectConfigurationPlatforms) = postSolution
		{C3E42564-7EA7-4C66-8218-098C1986CF12}.Debug|Any CPU.ActiveCfg = Debug|Any CPU
		{C3E42564-7EA7-4C66-8218-098C1986CF12}.Debug|Any CPU.Build.0 = Debug|Any CPU
		{C3E42564-7EA7-4C66-8218-098C1986CF12}.Release|Any CPU.ActiveCfg = Release|Any CPU
		{C3E42564-7EA7-4C66-8218-098C1986CF12}.Release|Any CPU.Build.0 = Release|Any CPU
	EndGlobalSection
	GlobalSection(SolutionProperties) = preSolution
		HideSolutionNode = FALSE
	EndGlobalSection
	GlobalSection(ExtensibilityGlobals) = postSolution
		SolutionGuid = {E72D7BA3-AEC5-4AF2-B406-C768119DE4AE}
	EndGlobalSection
EndGlobal
